
Microsoft Visual Studio Solution File, Format Version 12.00
# Visual Studio 15
VisualStudioVersion = 15.0.27703.2026
MinimumVisualStudioVersion = 10.0.40219.1
Project("{9A19103F-16F7-4668-BE54-9A1E7A4F7556}") = "PrApi", "PrApiTest\PrApi.csproj", "{108F82D4-9B1B-4B94-8C55-736D2FE33BE5}"
EndProject
Project("{9A19103F-16F7-4668-BE54-9A1E7A4F7556}") = "XUnitTestProject1", "XUnitTestProject1\XUnitTestProject1.csproj", "{692D88B5-61C5-4E01-A719-B2C6B9E6D3AD}"
EndProject
Global
	GlobalSection(SolutionConfigurationPlatforms) = preSolution
		Debug|Any CPU = Debug|Any CPU
		Release|Any CPU = Release|Any CPU
	EndGlobalSection
	GlobalSection(ProjectConfigurationPlatforms) = postSolution
		{108F82D4-9B1B-4B94-8C55-736D2FE33BE5}.Debug|Any CPU.ActiveCfg = Debug|Any CPU
		{108F82D4-9B1B-4B94-8C55-736D2FE33BE5}.Debug|Any CPU.Build.0 = Debug|Any CPU
		{108F82D4-9B1B-4B94-8C55-736D2FE33BE5}.Release|Any CPU.ActiveCfg = Release|Any CPU
		{108F82D4-9B1B-4B94-8C55-736D2FE33BE5}.Release|Any CPU.Build.0 = Release|Any CPU
		{692D88B5-61C5-4E01-A719-B2C6B9E6D3AD}.Debug|Any CPU.ActiveCfg = Debug|Any CPU
		{692D88B5-61C5-4E01-A719-B2C6B9E6D3AD}.Debug|Any CPU.Build.0 = Debug|Any CPU
		{692D88B5-61C5-4E01-A719-B2C6B9E6D3AD}.Release|Any CPU.ActiveCfg = Release|Any CPU
		{692D88B5-61C5-4E01-A719-B2C6B9E6D3AD}.Release|Any CPU.Build.0 = Release|Any CPU
	EndGlobalSection
	GlobalSection(SolutionProperties) = preSolution
		HideSolutionNode = FALSE
	EndGlobalSection
	GlobalSection(ExtensibilityGlobals) = postSolution
		SolutionGuid = {B61F2732-C75E-4575-A307-814E0C285AC9}
	EndGlobalSection
EndGlobal
